
Microsoft Visual Studio Solution File, Format Version 12.00
Project("{FAE04EC0-301F-11D3-BF4B-00C04F79EFBC}") = "TavernSystem.API", "src\TavernSystem.API\TavernSystem.API.csproj", "{FFB25E87-FECD-4AF1-A48E-9D102070C8CA}"
EndProject
Project("{FAE04EC0-301F-11D3-BF4B-00C04F79EFBC}") = "TavernSystem.Models", "src\TavernSystem.Models\TavernSystem.Models.csproj", "{6B0817C6-6236-4B0E-A1D0-911A40E13AAE}"
EndProject
Project("{FAE04EC0-301F-11D3-BF4B-00C04F79EFBC}") = "TavernSystem.Application", "src\TavernSystem.Application\TavernSystem.Application.csproj", "{153C5EDE-C106-443F-9EBB-A7D4401CEEA4}"
EndProject
Project("{FAE04EC0-301F-11D3-BF4B-00C04F79EFBC}") = "TavernSystem.Repositories", "src\TavernSystem.Repositories\TavernSystem.Repositories.csproj", "{B36E7CA7-274C-49F1-9100-18D2DBA4E690}"
EndProject
Global
	GlobalSection(SolutionConfigurationPlatforms) = preSolution
		Debug|Any CPU = Debug|Any CPU
		Release|Any CPU = Release|Any CPU
	EndGlobalSection
	GlobalSection(ProjectConfigurationPlatforms) = postSolution
		{FFB25E87-FECD-4AF1-A48E-9D102070C8CA}.Debug|Any CPU.ActiveCfg = Debug|Any CPU
		{FFB25E87-FECD-4AF1-A48E-9D102070C8CA}.Debug|Any CPU.Build.0 = Debug|Any CPU
		{FFB25E87-FECD-4AF1-A48E-9D102070C8CA}.Release|Any CPU.ActiveCfg = Release|Any CPU
		{FFB25E87-FECD-4AF1-A48E-9D102070C8CA}.Release|Any CPU.Build.0 = Release|Any CPU
		{6B0817C6-6236-4B0E-A1D0-911A40E13AAE}.Debug|Any CPU.ActiveCfg = Debug|Any CPU
		{6B0817C6-6236-4B0E-A1D0-911A40E13AAE}.Debug|Any CPU.Build.0 = Debug|Any CPU
		{6B0817C6-6236-4B0E-A1D0-911A40E13AAE}.Release|Any CPU.ActiveCfg = Release|Any CPU
		{6B0817C6-6236-4B0E-A1D0-911A40E13AAE}.Release|Any CPU.Build.0 = Release|Any CPU
		{153C5EDE-C106-443F-9EBB-A7D4401CEEA4}.Debug|Any CPU.ActiveCfg = Debug|Any CPU
		{153C5EDE-C106-443F-9EBB-A7D4401CEEA4}.Debug|Any CPU.Build.0 = Debug|Any CPU
		{153C5EDE-C106-443F-9EBB-A7D4401CEEA4}.Release|Any CPU.ActiveCfg = Release|Any CPU
		{153C5EDE-C106-443F-9EBB-A7D4401CEEA4}.Release|Any CPU.Build.0 = Release|Any CPU
		{B36E7CA7-274C-49F1-9100-18D2DBA4E690}.Debug|Any CPU.ActiveCfg = Debug|Any CPU
		{B36E7CA7-274C-49F1-9100-18D2DBA4E690}.Debug|Any CPU.Build.0 = Debug|Any CPU
		{B36E7CA7-274C-49F1-9100-18D2DBA4E690}.Release|Any CPU.ActiveCfg = Release|Any CPU
		{B36E7CA7-274C-49F1-9100-18D2DBA4E690}.Release|Any CPU.Build.0 = Release|Any CPU
	EndGlobalSection
EndGlobal
